
Microsoft Visual Studio Solution File, Format Version 12.00
# Visual Studio Version 16
VisualStudioVersion = 16.0.31019.35
MinimumVisualStudioVersion = 10.0.40219.1
Project("{FAE04EC0-301F-11D3-BF4B-00C04F79EFBC}") = "ProyectoProductos.Android", "ProyectoProductos\ProyectoProductos.Android\ProyectoProductos.Android.csproj", "{539D8656-1B32-4C44-8934-14AE48DE0130}"
EndProject
Project("{FAE04EC0-301F-11D3-BF4B-00C04F79EFBC}") = "ProyectoProductos", "ProyectoProductos\ProyectoProductos\ProyectoProductos.csproj", "{D62147DE-F230-4DA6-A2BE-C874F0823948}"
EndProject
Global
	GlobalSection(SolutionConfigurationPlatforms) = preSolution
		Debug|Any CPU = Debug|Any CPU
		Release|Any CPU = Release|Any CPU
	EndGlobalSection
	GlobalSection(ProjectConfigurationPlatforms) = postSolution
		{539D8656-1B32-4C44-8934-14AE48DE0130}.Debug|Any CPU.ActiveCfg = Debug|Any CPU
		{539D8656-1B32-4C44-8934-14AE48DE0130}.Debug|Any CPU.Build.0 = Debug|Any CPU
		{539D8656-1B32-4C44-8934-14AE48DE0130}.Debug|Any CPU.Deploy.0 = Debug|Any CPU
		{539D8656-1B32-4C44-8934-14AE48DE0130}.Release|Any CPU.ActiveCfg = Release|Any CPU
		{539D8656-1B32-4C44-8934-14AE48DE0130}.Release|Any CPU.Build.0 = Release|Any CPU
		{539D8656-1B32-4C44-8934-14AE48DE0130}.Release|Any CPU.Deploy.0 = Release|Any CPU
		{D62147DE-F230-4DA6-A2BE-C874F0823948}.Debug|Any CPU.ActiveCfg = Debug|Any CPU
		{D62147DE-F230-4DA6-A2BE-C874F0823948}.Debug|Any CPU.Build.0 = Debug|Any CPU
		{D62147DE-F230-4DA6-A2BE-C874F0823948}.Debug|Any CPU.Deploy.0 = Debug|Any CPU
		{D62147DE-F230-4DA6-A2BE-C874F0823948}.Release|Any CPU.ActiveCfg = Release|Any CPU
		{D62147DE-F230-4DA6-A2BE-C874F0823948}.Release|Any CPU.Build.0 = Release|Any CPU
		{D62147DE-F230-4DA6-A2BE-C874F0823948}.Release|Any CPU.Deploy.0 = Release|Any CPU
	EndGlobalSection
	GlobalSection(SolutionProperties) = preSolution
		HideSolutionNode = FALSE
	EndGlobalSection
	GlobalSection(ExtensibilityGlobals) = postSolution
		SolutionGuid = {ED3E3B8D-9DA0-42DE-A5C9-B8EFADB3DE9B}
	EndGlobalSection
EndGlobal
